
Microsoft Visual Studio Solution File, Format Version 12.00
# Visual Studio 15
VisualStudioVersion = 15.0.27703.2026
MinimumVisualStudioVersion = 10.0.40219.1
Project("{FAE04EC0-301F-11D3-BF4B-00C04F79EFBC}") = "Introduction", "Introduction\Introduction.csproj", "{CFB8EB87-B726-41F8-80BA-253641EEE57A}"
EndProject
Project("{FAE04EC0-301F-11D3-BF4B-00C04F79EFBC}") = "Features", "Features\Features.csproj", "{34FD022C-E6A6-44AF-9B5B-63D7C9519B26}"
EndProject
Project("{FAE04EC0-301F-11D3-BF4B-00C04F79EFBC}") = "Queries", "Queries\Queries.csproj", "{05490169-5B29-4F88-BB30-8B6E4ABFA340}"
EndProject
Project("{FAE04EC0-301F-11D3-BF4B-00C04F79EFBC}") = "Cars", "Cars\Cars.csproj", "{600B1D8C-88D5-4452-AE9F-65AB7BA12C75}"
EndProject
Global
	GlobalSection(SolutionConfigurationPlatforms) = preSolution
		Debug|Any CPU = Debug|Any CPU
		Release|Any CPU = Release|Any CPU
	EndGlobalSection
	GlobalSection(ProjectConfigurationPlatforms) = postSolution
		{CFB8EB87-B726-41F8-80BA-253641EEE57A}.Debug|Any CPU.ActiveCfg = Debug|Any CPU
		{CFB8EB87-B726-41F8-80BA-253641EEE57A}.Debug|Any CPU.Build.0 = Debug|Any CPU
		{CFB8EB87-B726-41F8-80BA-253641EEE57A}.Release|Any CPU.ActiveCfg = Release|Any CPU
		{CFB8EB87-B726-41F8-80BA-253641EEE57A}.Release|Any CPU.Build.0 = Release|Any CPU
		{34FD022C-E6A6-44AF-9B5B-63D7C9519B26}.Debug|Any CPU.ActiveCfg = Debug|Any CPU
		{34FD022C-E6A6-44AF-9B5B-63D7C9519B26}.Debug|Any CPU.Build.0 = Debug|Any CPU
		{34FD022C-E6A6-44AF-9B5B-63D7C9519B26}.Release|Any CPU.ActiveCfg = Release|Any CPU
		{34FD022C-E6A6-44AF-9B5B-63D7C9519B26}.Release|Any CPU.Build.0 = Release|Any CPU
		{05490169-5B29-4F88-BB30-8B6E4ABFA340}.Debug|Any CPU.ActiveCfg = Debug|Any CPU
		{05490169-5B29-4F88-BB30-8B6E4ABFA340}.Debug|Any CPU.Build.0 = Debug|Any CPU
		{05490169-5B29-4F88-BB30-8B6E4ABFA340}.Release|Any CPU.ActiveCfg = Release|Any CPU
		{05490169-5B29-4F88-BB30-8B6E4ABFA340}.Release|Any CPU.Build.0 = Release|Any CPU
		{600B1D8C-88D5-4452-AE9F-65AB7BA12C75}.Debug|Any CPU.ActiveCfg = Debug|Any CPU
		{600B1D8C-88D5-4452-AE9F-65AB7BA12C75}.Debug|Any CPU.Build.0 = Debug|Any CPU
		{600B1D8C-88D5-4452-AE9F-65AB7BA12C75}.Release|Any CPU.ActiveCfg = Release|Any CPU
		{600B1D8C-88D5-4452-AE9F-65AB7BA12C75}.Release|Any CPU.Build.0 = Release|Any CPU
	EndGlobalSection
	GlobalSection(SolutionProperties) = preSolution
		HideSolutionNode = FALSE
	EndGlobalSection
	GlobalSection(ExtensibilityGlobals) = postSolution
		SolutionGuid = {6B048D49-E50B-4EA5-9CF9-C8E90B6E1CF1}
	EndGlobalSection
EndGlobal
